// !$*UTF8*$!
{
	archiveVersion = 1;
	classes = {
	};
	objectVersion = 56;
	objects = {

/* Begin PBXBuildFile section */
		7D001C3B2C60816500A024B1 /* AppDelegate.swift in Sources */ = {isa = PBXBuildFile; fileRef = 7D001C3A2C60816500A024B1 /* AppDelegate.swift */; };
		7D001C3D2C60816500A024B1 /* ViewController.swift in Sources */ = {isa = PBXBuildFile; fileRef = 7D001C3C2C60816500A024B1 /* ViewController.swift */; };
		7D001C402C60816500A024B1 /* Base in Resources */ = {isa = PBXBuildFile; fileRef = 7D001C3F2C60816500A024B1 /* Base */; };
		7D001C422C60816500A024B1 /* Assets.xcassets in Resources */ = {isa = PBXBuildFile; fileRef = 7D001C412C60816500A024B1 /* Assets.xcassets */; };
		7D001C452C60816500A024B1 /* Base in Resources */ = {isa = PBXBuildFile; fileRef = 7D001C442C60816500A024B1 /* Base */; };
		7D001C4F2C60816600A024B1 /* FocusGuidTests.swift in Sources */ = {isa = PBXBuildFile; fileRef = 7D001C4E2C60816600A024B1 /* FocusGuidTests.swift */; };
		7D001C592C60816600A024B1 /* FocusGuidUITests.swift in Sources */ = {isa = PBXBuildFile; fileRef = 7D001C582C60816600A024B1 /* FocusGuidUITests.swift */; };
		7D001C5B2C60816600A024B1 /* FocusGuidUITestsLaunchTests.swift in Sources */ = {isa = PBXBuildFile; fileRef = 7D001C5A2C60816600A024B1 /* FocusGuidUITestsLaunchTests.swift */; };
/* End PBXBuildFile section */

/* Begin PBXContainerItemProxy section */
		7D001C4B2C60816600A024B1 /* PBXContainerItemProxy */ = {
			isa = PBXContainerItemProxy;
			containerPortal = 7D001C2F2C60816400A024B1 /* Project object */;
			proxyType = 1;
			remoteGlobalIDString = 7D001C362C60816500A024B1;
			remoteInfo = FocusGuid;
		};
		7D001C552C60816600A024B1 /* PBXContainerItemProxy */ = {
			isa = PBXContainerItemProxy;
			containerPortal = 7D001C2F2C60816400A024B1 /* Project object */;
			proxyType = 1;
			remoteGlobalIDString = 7D001C362C60816500A024B1;
			remoteInfo = FocusGuid;
		};
/* End PBXContainerItemProxy section */

/* Begin PBXFileReference section */
		7D001C372C60816500A024B1 /* FocusGuid.app */ = {isa = PBXFileReference; explicitFileType = wrapper.application; includeInIndex = 0; path = FocusGuid.app; sourceTree = BUILT_PRODUCTS_DIR; };
		7D001C3A2C60816500A024B1 /* AppDelegate.swift */ = {isa = PBXFileReference; lastKnownFileType = sourcecode.swift; path = AppDelegate.swift; sourceTree = "<group>"; };
		7D001C3C2C60816500A024B1 /* ViewController.swift */ = {isa = PBXFileReference; lastKnownFileType = sourcecode.swift; path = ViewController.swift; sourceTree = "<group>"; };
		7D001C3F2C60816500A024B1 /* Base */ = {isa = PBXFileReference; lastKnownFileType = file.storyboard; name = Base; path = Base.lproj/Main.storyboard; sourceTree = "<group>"; };
		7D001C412C60816500A024B1 /* Assets.xcassets */ = {isa = PBXFileReference; lastKnownFileType = folder.assetcatalog; path = Assets.xcassets; sourceTree = "<group>"; };
		7D001C442C60816500A024B1 /* Base */ = {isa = PBXFileReference; lastKnownFileType = file.storyboard; name = Base; path = Base.lproj/LaunchScreen.storyboard; sourceTree = "<group>"; };
		7D001C4A2C60816600A024B1 /* FocusGuidTests.xctest */ = {isa = PBXFileReference; explicitFileType = wrapper.cfbundle; includeInIndex = 0; path = FocusGuidTests.xctest; sourceTree = BUILT_PRODUCTS_DIR; };
		7D001C4E2C60816600A024B1 /* FocusGuidTests.swift */ = {isa = PBXFileReference; lastKnownFileType = sourcecode.swift; path = FocusGuidTests.swift; sourceTree = "<group>"; };
		7D001C542C60816600A024B1 /* FocusGuidUITests.xctest */ = {isa = PBXFileReference; explicitFileType = wrapper.cfbundle; includeInIndex = 0; path = FocusGuidUITests.xctest; sourceTree = BUILT_PRODUCTS_DIR; };
		7D001C582C60816600A024B1 /* FocusGuidUITests.swift */ = {isa = PBXFileReference; lastKnownFileType = sourcecode.swift; path = FocusGuidUITests.swift; sourceTree = "<group>"; };
		7D001C5A2C60816600A024B1 /* FocusGuidUITestsLaunchTests.swift */ = {isa = PBXFileReference; lastKnownFileType = sourcecode.swift; path = FocusGuidUITestsLaunchTests.swift; sourceTree = "<group>"; };
/* End PBXFileReference section */

/* Begin PBXFrameworksBuildPhase section */
		7D001C342C60816500A024B1 /* Frameworks */ = {
			isa = PBXFrameworksBuildPhase;
			buildActionMask = 2147483647;
			files = (
			);
			runOnlyForDeploymentPostprocessing = 0;
		};
		7D001C472C60816600A024B1 /* Frameworks */ = {
			isa = PBXFrameworksBuildPhase;
			buildActionMask = 2147483647;
			files = (
			);
			runOnlyForDeploymentPostprocessing = 0;
		};
		7D001C512C60816600A024B1 /* Frameworks */ = {
			isa = PBXFrameworksBuildPhase;
			buildActionMask = 2147483647;
			files = (
			);
			runOnlyForDeploymentPostprocessing = 0;
		};
/* End PBXFrameworksBuildPhase section */

/* Begin PBXGroup section */
		7D001C2E2C60816400A024B1 = {
			isa = PBXGroup;
			children = (
				7D001C392C60816500A024B1 /* FocusGuid */,
				7D001C4D2C60816600A024B1 /* FocusGuidTests */,
				7D001C572C60816600A024B1 /* FocusGuidUITests */,
				7D001C382C60816500A024B1 /* Products */,
			);
			sourceTree = "<group>";
		};
		7D001C382C60816500A024B1 /* Products */ = {
			isa = PBXGroup;
			children = (
				7D001C372C60816500A024B1 /* FocusGuid.app */,
				7D001C4A2C60816600A024B1 /* FocusGuidTests.xctest */,
				7D001C542C60816600A024B1 /* FocusGuidUITests.xctest */,
			);
			name = Products;
			sourceTree = "<group>";
		};
		7D001C392C60816500A024B1 /* FocusGuid */ = {
			isa = PBXGroup;
			children = (
				7D001C3A2C60816500A024B1 /* AppDelegate.swift */,
				7D001C3C2C60816500A024B1 /* ViewController.swift */,
				7D001C3E2C60816500A024B1 /* Main.storyboard */,
				7D001C412C60816500A024B1 /* Assets.xcassets */,
				7D001C432C60816500A024B1 /* LaunchScreen.storyboard */,
			);
			path = FocusGuid;
			sourceTree = "<group>";
		};
		7D001C4D2C60816600A024B1 /* FocusGuidTests */ = {
			isa = PBXGroup;
			children = (
				7D001C4E2C60816600A024B1 /* FocusGuidTests.swift */,
			);
			path = FocusGuidTests;
			sourceTree = "<group>";
		};
		7D001C572C60816600A024B1 /* FocusGuidUITests */ = {
			isa = PBXGroup;
			children = (
				7D001C582C60816600A024B1 /* FocusGuidUITests.swift */,
				7D001C5A2C60816600A024B1 /* FocusGuidUITestsLaunchTests.swift */,
			);
			path = FocusGuidUITests;
			sourceTree = "<group>";
		};
/* End PBXGroup section */

/* Begin PBXNativeTarget section */
		7D001C362C60816500A024B1 /* FocusGuid */ = {
			isa = PBXNativeTarget;
			buildConfigurationList = 7D001C5E2C60816600A024B1 /* Build configuration list for PBXNativeTarget "FocusGuid" */;
			buildPhases = (
				7D001C332C60816500A024B1 /* Sources */,
				7D001C342C60816500A024B1 /* Frameworks */,
				7D001C352C60816500A024B1 /* Resources */,
			);
			buildRules = (
			);
			dependencies = (
			);
			name = FocusGuid;
			productName = FocusGuid;
			productReference = 7D001C372C60816500A024B1 /* FocusGuid.app */;
			productType = "com.apple.product-type.application";
		};
		7D001C492C60816600A024B1 /* FocusGuidTests */ = {
			isa = PBXNativeTarget;
			buildConfigurationList = 7D001C612C60816600A024B1 /* Build configuration list for PBXNativeTarget "FocusGuidTests" */;
			buildPhases = (
				7D001C462C60816600A024B1 /* Sources */,
				7D001C472C60816600A024B1 /* Frameworks */,
				7D001C482C60816600A024B1 /* Resources */,
			);
			buildRules = (
			);
			dependencies = (
				7D001C4C2C60816600A024B1 /* PBXTargetDependency */,
			);
			name = FocusGuidTests;
			productName = FocusGuidTests;
			productReference = 7D001C4A2C60816600A024B1 /* FocusGuidTests.xctest */;
			productType = "com.apple.product-type.bundle.unit-test";
		};
		7D001C532C60816600A024B1 /* FocusGuidUITests */ = {
			isa = PBXNativeTarget;
			buildConfigurationList = 7D001C642C60816600A024B1 /* Build configuration list for PBXNativeTarget "FocusGuidUITests" */;
			buildPhases = (
				7D001C502C60816600A024B1 /* Sources */,
				7D001C512C60816600A024B1 /* Frameworks */,
				7D001C522C60816600A024B1 /* Resources */,
			);
			buildRules = (
			);
			dependencies = (
				7D001C562C60816600A024B1 /* PBXTargetDependency */,
			);
			name = FocusGuidUITests;
			productName = FocusGuidUITests;
			productReference = 7D001C542C60816600A024B1 /* FocusGuidUITests.xctest */;
			productType = "com.apple.product-type.bundle.ui-testing";
		};
/* End PBXNativeTarget section */

/* Begin PBXProject section */
		7D001C2F2C60816400A024B1 /* Project object */ = {
			isa = PBXProject;
			attributes = {
				BuildIndependentTargetsInParallel = 1;
				LastSwiftUpdateCheck = 1530;
				LastUpgradeCheck = 1530;
				TargetAttributes = {
					7D001C362C60816500A024B1 = {
						CreatedOnToolsVersion = 15.3;
					};
					7D001C492C60816600A024B1 = {
						CreatedOnToolsVersion = 15.3;
						TestTargetID = 7D001C362C60816500A024B1;
					};
					7D001C532C60816600A024B1 = {
						CreatedOnToolsVersion = 15.3;
						TestTargetID = 7D001C362C60816500A024B1;
					};
				};
			};
			buildConfigurationList = 7D001C322C60816400A024B1 /* Build configuration list for PBXProject "FocusGuid" */;
			compatibilityVersion = "Xcode 14.0";
			developmentRegion = en;
			hasScannedForEncodings = 0;
			knownRegions = (
				en,
				Base,
			);
			mainGroup = 7D001C2E2C60816400A024B1;
			productRefGroup = 7D001C382C60816500A024B1 /* Products */;
			projectDirPath = "";
			projectRoot = "";
			targets = (
				7D001C362C60816500A024B1 /* FocusGuid */,
				7D001C492C60816600A024B1 /* FocusGuidTests */,
				7D001C532C60816600A024B1 /* FocusGuidUITests */,
			);
		};
/* End PBXProject section */

/* Begin PBXResourcesBuildPhase section */
		7D001C352C60816500A024B1 /* Resources */ = {
			isa = PBXResourcesBuildPhase;
			buildActionMask = 2147483647;
			files = (
				7D001C422C60816500A024B1 /* Assets.xcassets in Resources */,
				7D001C452C60816500A024B1 /* Base in Resources */,
				7D001C402C60816500A024B1 /* Base in Resources */,
			);
			runOnlyForDeploymentPostprocessing = 0;
		};
		7D001C482C60816600A024B1 /* Resources */ = {
			isa = PBXResourcesBuildPhase;
			buildActionMask = 2147483647;
			files = (
			);
			runOnlyForDeploymentPostprocessing = 0;
		};
		7D001C522C60816600A024B1 /* Resources */ = {
			isa = PBXResourcesBuildPhase;
			buildActionMask = 2147483647;
			files = (
			);
			runOnlyForDeploymentPostprocessing = 0;
		};
/* End PBXResourcesBuildPhase section */

/* Begin PBXSourcesBuildPhase section */
		7D001C332C60816500A024B1 /* Sources */ = {
			isa = PBXSourcesBuildPhase;
			buildActionMask = 2147483647;
			files = (
				7D001C3D2C60816500A024B1 /* ViewController.swift in Sources */,
				7D001C3B2C60816500A024B1 /* AppDelegate.swift in Sources */,
			);
			runOnlyForDeploymentPostprocessing = 0;
		};
		7D001C462C60816600A024B1 /* Sources */ = {
			isa = PBXSourcesBuildPhase;
			buildActionMask = 2147483647;
			files = (
				7D001C4F2C60816600A024B1 /* FocusGuidTests.swift in Sources */,
			);
			runOnlyForDeploymentPostprocessing = 0;
		};
		7D001C502C60816600A024B1 /* Sources */ = {
			isa = PBXSourcesBuildPhase;
			buildActionMask = 2147483647;
			files = (
				7D001C5B2C60816600A024B1 /* FocusGuidUITestsLaunchTests.swift in Sources */,
				7D001C592C60816600A024B1 /* FocusGuidUITests.swift in Sources */,
			);
			runOnlyForDeploymentPostprocessing = 0;
		};
/* End PBXSourcesBuildPhase section */

/* Begin PBXTargetDependency section */
		7D001C4C2C60816600A024B1 /* PBXTargetDependency */ = {
			isa = PBXTargetDependency;
			target = 7D001C362C60816500A024B1 /* FocusGuid */;
			targetProxy = 7D001C4B2C60816600A024B1 /* PBXContainerItemProxy */;
		};
		7D001C562C60816600A024B1 /* PBXTargetDependency */ = {
			isa = PBXTargetDependency;
			target = 7D001C362C60816500A024B1 /* FocusGuid */;
			targetProxy = 7D001C552C60816600A024B1 /* PBXContainerItemProxy */;
		};
/* End PBXTargetDependency section */

/* Begin PBXVariantGroup section */
		7D001C3E2C60816500A024B1 /* Main.storyboard */ = {
			isa = PBXVariantGroup;
			children = (
				7D001C3F2C60816500A024B1 /* Base */,
			);
			name = Main.storyboard;
			sourceTree = "<group>";
		};
		7D001C432C60816500A024B1 /* LaunchScreen.storyboard */ = {
			isa = PBXVariantGroup;
			children = (
				7D001C442C60816500A024B1 /* Base */,
			);
			name = LaunchScreen.storyboard;
			sourceTree = "<group>";
		};
/* End PBXVariantGroup section */

/* Begin XCBuildConfiguration section */
		7D001C5C2C60816600A024B1 /* Debug */ = {
			isa = XCBuildConfiguration;
			buildSettings = {
				ALWAYS_SEARCH_USER_PATHS = NO;
				ASSETCATALOG_COMPILER_GENERATE_SWIFT_ASSET_SYMBOL_EXTENSIONS = YES;
				CLANG_ANALYZER_NONNULL = YES;
				CLANG_ANALYZER_NUMBER_OBJECT_CONVERSION = YES_AGGRESSIVE;
				CLANG_CXX_LANGUAGE_STANDARD = "gnu++20";
				CLANG_ENABLE_MODULES = YES;
				CLANG_ENABLE_OBJC_ARC = YES;
				CLANG_ENABLE_OBJC_WEAK = YES;
				CLANG_WARN_BLOCK_CAPTURE_AUTORELEASING = YES;
				CLANG_WARN_BOOL_CONVERSION = YES;
				CLANG_WARN_COMMA = YES;
				CLANG_WARN_CONSTANT_CONVERSION = YES;
				CLANG_WARN_DEPRECATED_OBJC_IMPLEMENTATIONS = YES;
				CLANG_WARN_DIRECT_OBJC_ISA_USAGE = YES_ERROR;
				CLANG_WARN_DOCUMENTATION_COMMENTS = YES;
				CLANG_WARN_EMPTY_BODY = YES;
				CLANG_WARN_ENUM_CONVERSION = YES;
				CLANG_WARN_INFINITE_RECURSION = YES;
				CLANG_WARN_INT_CONVERSION = YES;
				CLANG_WARN_NON_LITERAL_NULL_CONVERSION = YES;
				CLANG_WARN_OBJC_IMPLICIT_RETAIN_SELF = YES;
				CLANG_WARN_OBJC_LITERAL_CONVERSION = YES;
				CLANG_WARN_OBJC_ROOT_CLASS = YES_ERROR;
				CLANG_WARN_QUOTED_INCLUDE_IN_FRAMEWORK_HEADER = YES;
				CLANG_WARN_RANGE_LOOP_ANALYSIS = YES;
				CLANG_WARN_STRICT_PROTOTYPES = YES;
				CLANG_WARN_SUSPICIOUS_MOVE = YES;
				CLANG_WARN_UNGUARDED_AVAILABILITY = YES_AGGRESSIVE;
				CLANG_WARN_UNREACHABLE_CODE = YES;
				CLANG_WARN__DUPLICATE_METHOD_MATCH = YES;
				COPY_PHASE_STRIP = NO;
				DEBUG_INFORMATION_FORMAT = dwarf;
				ENABLE_STRICT_OBJC_MSGSEND = YES;
				ENABLE_TESTABILITY = YES;
				ENABLE_USER_SCRIPT_SANDBOXING = YES;
				GCC_C_LANGUAGE_STANDARD = gnu17;
				GCC_DYNAMIC_NO_PIC = NO;
				GCC_NO_COMMON_BLOCKS = YES;
				GCC_OPTIMIZATION_LEVEL = 0;
				GCC_PREPROCESSOR_DEFINITIONS = (
					"DEBUG=1",
					"$(inherited)",
				);
				GCC_WARN_64_TO_32_BIT_CONVERSION = YES;
				GCC_WARN_ABOUT_RETURN_TYPE = YES_ERROR;
				GCC_WARN_UNDECLARED_SELECTOR = YES;
				GCC_WARN_UNINITIALIZED_AUTOS = YES_AGGRESSIVE;
				GCC_WARN_UNUSED_FUNCTION = YES;
				GCC_WARN_UNUSED_VARIABLE = YES;
				LOCALIZATION_PREFERS_STRING_CATALOGS = YES;
				MTL_ENABLE_DEBUG_INFO = INCLUDE_SOURCE;
				MTL_FAST_MATH = YES;
				ONLY_ACTIVE_ARCH = YES;
				SDKROOT = appletvos;
				SWIFT_ACTIVE_COMPILATION_CONDITIONS = "DEBUG $(inherited)";
				SWIFT_OPTIMIZATION_LEVEL = "-Onone";
				TVOS_DEPLOYMENT_TARGET = 17.4;
			};
			name = Debug;
		};
		7D001C5D2C60816600A024B1 /* Release */ = {
			isa = XCBuildConfiguration;
			buildSettings = {
				ALWAYS_SEARCH_USER_PATHS = NO;
				ASSETCATALOG_COMPILER_GENERATE_SWIFT_ASSET_SYMBOL_EXTENSIONS = YES;
				CLANG_ANALYZER_NONNULL = YES;
				CLANG_ANALYZER_NUMBER_OBJECT_CONVERSION = YES_AGGRESSIVE;
				CLANG_CXX_LANGUAGE_STANDARD = "gnu++20";
				CLANG_ENABLE_MODULES = YES;
				CLANG_ENABLE_OBJC_ARC = YES;
				CLANG_ENABLE_OBJC_WEAK = YES;
				CLANG_WARN_BLOCK_CAPTURE_AUTORELEASING = YES;
				CLANG_WARN_BOOL_CONVERSION = YES;
				CLANG_WARN_COMMA = YES;
				CLANG_WARN_CONSTANT_CONVERSION = YES;
				CLANG_WARN_DEPRECATED_OBJC_IMPLEMENTATIONS = YES;
				CLANG_WARN_DIRECT_OBJC_ISA_USAGE = YES_ERROR;
				CLANG_WARN_DOCUMENTATION_COMMENTS = YES;
				CLANG_WARN_EMPTY_BODY = YES;
				CLANG_WARN_ENUM_CONVERSION = YES;
				CLANG_WARN_INFINITE_RECURSION = YES;
				CLANG_WARN_INT_CONVERSION = YES;
				CLANG_WARN_NON_LITERAL_NULL_CONVERSION = YES;
				CLANG_WARN_OBJC_IMPLICIT_RETAIN_SELF = YES;
				CLANG_WARN_OBJC_LITERAL_CONVERSION = YES;
				CLANG_WARN_OBJC_ROOT_CLASS = YES_ERROR;
				CLANG_WARN_QUOTED_INCLUDE_IN_FRAMEWORK_HEADER = YES;
				CLANG_WARN_RANGE_LOOP_ANALYSIS = YES;
				CLANG_WARN_STRICT_PROTOTYPES = YES;
				CLANG_WARN_SUSPICIOUS_MOVE = YES;
				CLANG_WARN_UNGUARDED_AVAILABILITY = YES_AGGRESSIVE;
				CLANG_WARN_UNREACHABLE_CODE = YES;
				CLANG_WARN__DUPLICATE_METHOD_MATCH = YES;
				COPY_PHASE_STRIP = NO;
				DEBUG_INFORMATION_FORMAT = "dwarf-with-dsym";
				ENABLE_NS_ASSERTIONS = NO;
				ENABLE_STRICT_OBJC_MSGSEND = YES;
				ENABLE_USER_SCRIPT_SANDBOXING = YES;
				GCC_C_LANGUAGE_STANDARD = gnu17;
				GCC_NO_COMMON_BLOCKS = YES;
				GCC_WARN_64_TO_32_BIT_CONVERSION = YES;
				GCC_WARN_ABOUT_RETURN_TYPE = YES_ERROR;
				GCC_WARN_UNDECLARED_SELECTOR = YES;
				GCC_WARN_UNINITIALIZED_AUTOS = YES_AGGRESSIVE;
				GCC_WARN_UNUSED_FUNCTION = YES;
				GCC_WARN_UNUSED_VARIABLE = YES;
				LOCALIZATION_PREFERS_STRING_CATALOGS = YES;
				MTL_ENABLE_DEBUG_INFO = NO;
				MTL_FAST_MATH = YES;
				SDKROOT = appletvos;
				SWIFT_COMPILATION_MODE = wholemodule;
				TVOS_DEPLOYMENT_TARGET = 17.4;
				VALIDATE_PRODUCT = YES;
			};
			name = Release;
		};
		7D001C5F2C60816600A024B1 /* Debug */ = {
			isa = XCBuildConfiguration;
			buildSettings = {
				ASSETCATALOG_COMPILER_APPICON_NAME = "App Icon & Top Shelf Image";
				ASSETCATALOG_COMPILER_GLOBAL_ACCENT_COLOR_NAME = AccentColor;
				CODE_SIGN_STYLE = Automatic;
				CURRENT_PROJECT_VERSION = 1;
				DEVELOPMENT_TEAM = WTYBMWQ95G;
				GENERATE_INFOPLIST_FILE = YES;
				INFOPLIST_KEY_UILaunchStoryboardName = LaunchScreen;
				INFOPLIST_KEY_UIMainStoryboardFile = Main;
				INFOPLIST_KEY_UIUserInterfaceStyle = Automatic;
				LD_RUNPATH_SEARCH_PATHS = (
					"$(inherited)",
					"@executable_path/Frameworks",
				);
				MARKETING_VERSION = 1.0;
				PRODUCT_BUNDLE_IDENTIFIER = com.test.com.FocusGuid;
				PRODUCT_NAME = "$(TARGET_NAME)";
				SWIFT_EMIT_LOC_STRINGS = YES;
				SWIFT_VERSION = 5.0;
				TARGETED_DEVICE_FAMILY = 3;
			};
			name = Debug;
		};
		7D001C602C60816600A024B1 /* Release */ = {
			isa = XCBuildConfiguration;
			buildSettings = {
				ASSETCATALOG_COMPILER_APPICON_NAME = "App Icon & Top Shelf Image";
				ASSETCATALOG_COMPILER_GLOBAL_ACCENT_COLOR_NAME = AccentColor;
				CODE_SIGN_STYLE = Automatic;
				CURRENT_PROJECT_VERSION = 1;
				DEVELOPMENT_TEAM = WTYBMWQ95G;
				GENERATE_INFOPLIST_FILE = YES;
				INFOPLIST_KEY_UILaunchStoryboardName = LaunchScreen;
				INFOPLIST_KEY_UIMainStoryboardFile = Main;
				INFOPLIST_KEY_UIUserInterfaceStyle = Automatic;
				LD_RUNPATH_SEARCH_PATHS = (
					"$(inherited)",
					"@executable_path/Frameworks",
				);
				MARKETING_VERSION = 1.0;
				PRODUCT_BUNDLE_IDENTIFIER = com.test.com.FocusGuid;
				PRODUCT_NAME = "$(TARGET_NAME)";
				SWIFT_EMIT_LOC_STRINGS = YES;
				SWIFT_VERSION = 5.0;
				TARGETED_DEVICE_FAMILY = 3;
			};
			name = Release;
		};
		7D001C622C60816600A024B1 /* Debug */ = {
			isa = XCBuildConfiguration;
			buildSettings = {
				ALWAYS_EMBED_SWIFT_STANDARD_LIBRARIES = YES;
				BUNDLE_LOADER = "$(TEST_HOST)";
				CODE_SIGN_STYLE = Automatic;
				CURRENT_PROJECT_VERSION = 1;
				DEVELOPMENT_TEAM = WTYBMWQ95G;
				GENERATE_INFOPLIST_FILE = YES;
				MARKETING_VERSION = 1.0;
				PRODUCT_BUNDLE_IDENTIFIER = com.test.com.FocusGuidTests;
				PRODUCT_NAME = "$(TARGET_NAME)";
				SWIFT_EMIT_LOC_STRINGS = NO;
				SWIFT_VERSION = 5.0;
				TARGETED_DEVICE_FAMILY = 3;
				TEST_HOST = "$(BUILT_PRODUCTS_DIR)/FocusGuid.app/$(BUNDLE_EXECUTABLE_FOLDER_PATH)/FocusGuid";
				TVOS_DEPLOYMENT_TARGET = 17.4;
			};
			name = Debug;
		};
		7D001C632C60816600A024B1 /* Release */ = {
			isa = XCBuildConfiguration;
			buildSettings = {
				ALWAYS_EMBED_SWIFT_STANDARD_LIBRARIES = YES;
				BUNDLE_LOADER = "$(TEST_HOST)";
				CODE_SIGN_STYLE = Automatic;
				CURRENT_PROJECT_VERSION = 1;
				DEVELOPMENT_TEAM = WTYBMWQ95G;
				GENERATE_INFOPLIST_FILE = YES;
				MARKETING_VERSION = 1.0;
				PRODUCT_BUNDLE_IDENTIFIER = com.test.com.FocusGuidTests;
				PRODUCT_NAME = "$(TARGET_NAME)";
				SWIFT_EMIT_LOC_STRINGS = NO;
				SWIFT_VERSION = 5.0;
				TARGETED_DEVICE_FAMILY = 3;
				TEST_HOST = "$(BUILT_PRODUCTS_DIR)/FocusGuid.app/$(BUNDLE_EXECUTABLE_FOLDER_PATH)/FocusGuid";
				TVOS_DEPLOYMENT_TARGET = 17.4;
			};
			name = Release;
		};
		7D001C652C60816600A024B1 /* Debug */ = {
			isa = XCBuildConfiguration;
			buildSettings = {
				ALWAYS_EMBED_SWIFT_STANDARD_LIBRARIES = YES;
				CODE_SIGN_STYLE = Automatic;
				CURRENT_PROJECT_VERSION = 1;
				DEVELOPMENT_TEAM = WTYBMWQ95G;
				GENERATE_INFOPLIST_FILE = YES;
				MARKETING_VERSION = 1.0;
				PRODUCT_BUNDLE_IDENTIFIER = com.test.com.FocusGuidUITests;
				PRODUCT_NAME = "$(TARGET_NAME)";
				SWIFT_EMIT_LOC_STRINGS = NO;
				SWIFT_VERSION = 5.0;
				TARGETED_DEVICE_FAMILY = 3;
				TEST_TARGET_NAME = FocusGuid;
			};
			name = Debug;
		};
		7D001C662C60816600A024B1 /* Release */ = {
			isa = XCBuildConfiguration;
			buildSettings = {
				ALWAYS_EMBED_SWIFT_STANDARD_LIBRARIES = YES;
				CODE_SIGN_STYLE = Automatic;
				CURRENT_PROJECT_VERSION = 1;
				DEVELOPMENT_TEAM = WTYBMWQ95G;
				GENERATE_INFOPLIST_FILE = YES;
				MARKETING_VERSION = 1.0;
				PRODUCT_BUNDLE_IDENTIFIER = com.test.com.FocusGuidUITests;
				PRODUCT_NAME = "$(TARGET_NAME)";
				SWIFT_EMIT_LOC_STRINGS = NO;
				SWIFT_VERSION = 5.0;
				TARGETED_DEVICE_FAMILY = 3;
				TEST_TARGET_NAME = FocusGuid;
			};
			name = Release;
		};
/* End XCBuildConfiguration section */

/* Begin XCConfigurationList section */
		7D001C322C60816400A024B1 /* Build configuration list for PBXProject "FocusGuid" */ = {
			isa = XCConfigurationList;
			buildConfigurations = (
				7D001C5C2C60816600A024B1 /* Debug */,
				7D001C5D2C60816600A024B1 /* Release */,
			);
			defaultConfigurationIsVisible = 0;
			defaultConfigurationName = Release;
		};
		7D001C5E2C60816600A024B1 /* Build configuration list for PBXNativeTarget "FocusGuid" */ = {
			isa = XCConfigurationList;
			buildConfigurations = (
				7D001C5F2C60816600A024B1 /* Debug */,
				7D001C602C60816600A024B1 /* Release */,
			);
			defaultConfigurationIsVisible = 0;
			defaultConfigurationName = Release;
		};
		7D001C612C60816600A024B1 /* Build configuration list for PBXNativeTarget "FocusGuidTests" */ = {
			isa = XCConfigurationList;
			buildConfigurations = (
				7D001C622C60816600A024B1 /* Debug */,
				7D001C632C60816600A024B1 /* Release */,
			);
			defaultConfigurationIsVisible = 0;
			defaultConfigurationName = Release;
		};
		7D001C642C60816600A024B1 /* Build configuration list for PBXNativeTarget "FocusGuidUITests" */ = {
			isa = XCConfigurationList;
			buildConfigurations = (
				7D001C652C60816600A024B1 /* Debug */,
				7D001C662C60816600A024B1 /* Release */,
			);
			defaultConfigurationIsVisible = 0;
			defaultConfigurationName = Release;
		};
/* End XCConfigurationList section */
	};
	rootObject = 7D001C2F2C60816400A024B1 /* Project object */;
}
